
Microsoft Visual Studio Solution File, Format Version 12.00
# Visual Studio Version 17
VisualStudioVersion = 17.7.34024.191
MinimumVisualStudioVersion = 10.0.40219.1
Project("{8BC9CEB8-8B4A-11D0-8D11-00A0C91BC942}") = "Project1_multithreading", "Project1_multithreading.vcxproj", "{81C1D67B-AF52-41B7-8941-4A78C6F39698}"
EndProject
Global
	GlobalSection(SolutionConfigurationPlatforms) = preSolution
		Debug|x64 = Debug|x64
		Debug|x86 = Debug|x86
		Release|x64 = Release|x64
		Release|x86 = Release|x86
	EndGlobalSection
	GlobalSection(ProjectConfigurationPlatforms) = postSolution
		{81C1D67B-AF52-41B7-8941-4A78C6F39698}.Debug|x64.ActiveCfg = Debug|x64
		{81C1D67B-AF52-41B7-8941-4A78C6F39698}.Debug|x64.Build.0 = Debug|x64
		{81C1D67B-AF52-41B7-8941-4A78C6F39698}.Debug|x86.ActiveCfg = Debug|Win32
		{81C1D67B-AF52-41B7-8941-4A78C6F39698}.Debug|x86.Build.0 = Debug|Win32
		{81C1D67B-AF52-41B7-8941-4A78C6F39698}.Release|x64.ActiveCfg = Release|x64
		{81C1D67B-AF52-41B7-8941-4A78C6F39698}.Release|x64.Build.0 = Release|x64
		{81C1D67B-AF52-41B7-8941-4A78C6F39698}.Release|x86.ActiveCfg = Release|Win32
		{81C1D67B-AF52-41B7-8941-4A78C6F39698}.Release|x86.Build.0 = Release|Win32
	EndGlobalSection
	GlobalSection(SolutionProperties) = preSolution
		HideSolutionNode = FALSE
	EndGlobalSection
	GlobalSection(ExtensibilityGlobals) = postSolution
		SolutionGuid = {21CCDEB5-5932-4FDB-9165-BD887A4F0EE5}
	EndGlobalSection
EndGlobal
